Microsoft Visual Studio Solution File, Format Version 12.00
# Visual Studio Version 17
VisualStudioVersion = 17.5.2.0
MinimumVisualStudioVersion = 10.0.40219.1
Project("{FAE04EC0-301F-11D3-BF4B-00C04F79EFBC}") = "ProcessAlarms", "ProcessAlarms.csproj", "{C8737BE9-35C9-3CA2-1377-BA9220CE383B}"
EndProject
Global
	GlobalSection(SolutionConfigurationPlatforms) = preSolution
		Debug|Any CPU = Debug|Any CPU
		Release|Any CPU = Release|Any CPU
	EndGlobalSection
	GlobalSection(ProjectConfigurationPlatforms) = postSolution
		{C8737BE9-35C9-3CA2-1377-BA9220CE383B}.Debug|Any CPU.ActiveCfg = Debug|Any CPU
		{C8737BE9-35C9-3CA2-1377-BA9220CE383B}.Debug|Any CPU.Build.0 = Debug|Any CPU
		{C8737BE9-35C9-3CA2-1377-BA9220CE383B}.Release|Any CPU.ActiveCfg = Release|Any CPU
		{C8737BE9-35C9-3CA2-1377-BA9220CE383B}.Release|Any CPU.Build.0 = Release|Any CPU
	EndGlobalSection
	GlobalSection(SolutionProperties) = preSolution
		HideSolutionNode = FALSE
	EndGlobalSection
	GlobalSection(ExtensibilityGlobals) = postSolution
		SolutionGuid = {B528F91F-6F33-4E56-9857-33C4CBF47881}
	EndGlobalSection
EndGlobal
