
Microsoft Visual Studio Solution File, Format Version 11.00
# Visual Studio 2010
Project("{FAE04EC0-301F-11D3-BF4B-00C04F79EFBC}") = "TestWriteEPC", "TestWriteEPC\TestWriteEPC.csproj", "{435028A8-4BCC-41FB-81F1-BD694D5ED75E}"
EndProject
Project("{FAE04EC0-301F-11D3-BF4B-00C04F79EFBC}") = "ADRDAsynch", "ADRDAsynch\ADRDAsynch.csproj", "{053D1552-237F-45BB-8BD7-A68E1E4C7B6A}"
EndProject
Project("{FAE04EC0-301F-11D3-BF4B-00C04F79EFBC}") = "ADRDSynch", "ADRDSynch\ADRDSynch.csproj", "{29F2BFF5-1577-4DC1-A6BF-3CA75EBCEE63}"
EndProject
Project("{FAE04EC0-301F-11D3-BF4B-00C04F79EFBC}") = "ADRDSynchFM", "ADRDSynchFM\ADRDSynchFM.csproj", "{AA69E346-C4B2-4575-B0DE-1FC8C6540A22}"
EndProject
Project("{FAE04EC0-301F-11D3-BF4B-00C04F79EFBC}") = "AEASynch", "AEASynch\AEASynch.csproj", "{4D4B9802-CFE8-4286-8B90-321902702C3B}"
EndProject
Project("{FAE04EC0-301F-11D3-BF4B-00C04F79EFBC}") = "GPIEvents", "GPIEvents\GPIEvents.csproj", "{4587CEF3-D018-4E18-86E4-9F0B58542261}"
EndProject
Project("{FAE04EC0-301F-11D3-BF4B-00C04F79EFBC}") = "ProcessAlarms", "ProcessAlarms\ProcessAlarms.csproj", "{BC70CC2C-2C70-45E3-B37B-BA9AA198243C}"
EndProject
Project("{FAE04EC0-301F-11D3-BF4B-00C04F79EFBC}") = "CustomADRD", "CustomADRD\CustomADRD.csproj", "{8A3A534F-4E13-419A-AFF0-0EE8C58E225F}"
EndProject
Project("{FAE04EC0-301F-11D3-BF4B-00C04F79EFBC}") = "Util", "Util\Util.csproj", "{AFA92D41-6492-493E-836F-33641F760D2E}"
EndProject
Project("{FAE04EC0-301F-11D3-BF4B-00C04F79EFBC}") = "SystemConfig", "SystemConfig\SystemConfig.csproj", "{3A831D38-BD72-4DD3-B1E5-6CB92DE97D47}"
EndProject
Global
	GlobalSection(SolutionConfigurationPlatforms) = preSolution
		Debug|Any CPU = Debug|Any CPU
		Release|Any CPU = Release|Any CPU
	EndGlobalSection
	GlobalSection(ProjectConfigurationPlatforms) = postSolution
		{053D1552-237F-45BB-8BD7-A68E1E4C7B6A}.Debug|Any CPU.ActiveCfg = Debug|Any CPU
		{053D1552-237F-45BB-8BD7-A68E1E4C7B6A}.Debug|Any CPU.Build.0 = Debug|Any CPU
		{053D1552-237F-45BB-8BD7-A68E1E4C7B6A}.Release|Any CPU.ActiveCfg = Release|Any CPU
		{053D1552-237F-45BB-8BD7-A68E1E4C7B6A}.Release|Any CPU.Build.0 = Release|Any CPU
		{29F2BFF5-1577-4DC1-A6BF-3CA75EBCEE63}.Debug|Any CPU.ActiveCfg = Debug|Any CPU
		{29F2BFF5-1577-4DC1-A6BF-3CA75EBCEE63}.Debug|Any CPU.Build.0 = Debug|Any CPU
		{29F2BFF5-1577-4DC1-A6BF-3CA75EBCEE63}.Release|Any CPU.ActiveCfg = Release|Any CPU
		{29F2BFF5-1577-4DC1-A6BF-3CA75EBCEE63}.Release|Any CPU.Build.0 = Release|Any CPU
		{3A831D38-BD72-4DD3-B1E5-6CB92DE97D47}.Debug|Any CPU.ActiveCfg = Debug|Any CPU
		{3A831D38-BD72-4DD3-B1E5-6CB92DE97D47}.Debug|Any CPU.Build.0 = Debug|Any CPU
		{3A831D38-BD72-4DD3-B1E5-6CB92DE97D47}.Release|Any CPU.ActiveCfg = Release|Any CPU
		{3A831D38-BD72-4DD3-B1E5-6CB92DE97D47}.Release|Any CPU.Build.0 = Release|Any CPU
		{435028A8-4BCC-41FB-81F1-BD694D5ED75E}.Debug|Any CPU.ActiveCfg = Debug|Any CPU
		{435028A8-4BCC-41FB-81F1-BD694D5ED75E}.Debug|Any CPU.Build.0 = Debug|Any CPU
		{435028A8-4BCC-41FB-81F1-BD694D5ED75E}.Release|Any CPU.ActiveCfg = Release|Any CPU
		{435028A8-4BCC-41FB-81F1-BD694D5ED75E}.Release|Any CPU.Build.0 = Release|Any CPU
		{4587CEF3-D018-4E18-86E4-9F0B58542261}.Debug|Any CPU.ActiveCfg = Debug|Any CPU
		{4587CEF3-D018-4E18-86E4-9F0B58542261}.Debug|Any CPU.Build.0 = Debug|Any CPU
		{4587CEF3-D018-4E18-86E4-9F0B58542261}.Release|Any CPU.ActiveCfg = Release|Any CPU
		{4587CEF3-D018-4E18-86E4-9F0B58542261}.Release|Any CPU.Build.0 = Release|Any CPU
		{4D4B9802-CFE8-4286-8B90-321902702C3B}.Debug|Any CPU.ActiveCfg = Debug|Any CPU
		{4D4B9802-CFE8-4286-8B90-321902702C3B}.Debug|Any CPU.Build.0 = Debug|Any CPU
		{4D4B9802-CFE8-4286-8B90-321902702C3B}.Release|Any CPU.ActiveCfg = Release|Any CPU
		{4D4B9802-CFE8-4286-8B90-321902702C3B}.Release|Any CPU.Build.0 = Release|Any CPU
		{8A3A534F-4E13-419A-AFF0-0EE8C58E225F}.Debug|Any CPU.ActiveCfg = Debug|Any CPU
		{8A3A534F-4E13-419A-AFF0-0EE8C58E225F}.Debug|Any CPU.Build.0 = Debug|Any CPU
		{8A3A534F-4E13-419A-AFF0-0EE8C58E225F}.Release|Any CPU.ActiveCfg = Release|Any CPU
		{8A3A534F-4E13-419A-AFF0-0EE8C58E225F}.Release|Any CPU.Build.0 = Release|Any CPU
		{AA69E346-C4B2-4575-B0DE-1FC8C6540A22}.Debug|Any CPU.ActiveCfg = Debug|Any CPU
		{AA69E346-C4B2-4575-B0DE-1FC8C6540A22}.Debug|Any CPU.Build.0 = Debug|Any CPU
		{AA69E346-C4B2-4575-B0DE-1FC8C6540A22}.Release|Any CPU.ActiveCfg = Release|Any CPU
		{AA69E346-C4B2-4575-B0DE-1FC8C6540A22}.Release|Any CPU.Build.0 = Release|Any CPU
		{AFA92D41-6492-493E-836F-33641F760D2E}.Debug|Any CPU.ActiveCfg = Debug|Any CPU
		{AFA92D41-6492-493E-836F-33641F760D2E}.Debug|Any CPU.Build.0 = Debug|Any CPU
		{AFA92D41-6492-493E-836F-33641F760D2E}.Release|Any CPU.ActiveCfg = Release|Any CPU
		{AFA92D41-6492-493E-836F-33641F760D2E}.Release|Any CPU.Build.0 = Release|Any CPU
		{BC70CC2C-2C70-45E3-B37B-BA9AA198243C}.Debug|Any CPU.ActiveCfg = Debug|Any CPU
		{BC70CC2C-2C70-45E3-B37B-BA9AA198243C}.Debug|Any CPU.Build.0 = Debug|Any CPU
		{BC70CC2C-2C70-45E3-B37B-BA9AA198243C}.Release|Any CPU.ActiveCfg = Release|Any CPU
		{BC70CC2C-2C70-45E3-B37B-BA9AA198243C}.Release|Any CPU.Build.0 = Release|Any CPU
		5E61E04E-4A60-42D8-94DC-39AE7B4BB4E4.Debug|Any CPU.Build.0 = Debug|Any CPU
		5E61E04E-4A60-42D8-94DC-39AE7B4BB4E4.Debug|Any CPU.ActiveCfg = Debug|Any CPU
		5E61E04E-4A60-42D8-94DC-39AE7B4BB4E4.Release|Any CPU.Build.0 = Release|Any CPU
		5E61E04E-4A60-42D8-94DC-39AE7B4BB4E4.Release|Any CPU.ActiveCfg = Release|Any CPU
	EndGlobalSection
EndGlobal
