Microsoft Visual Studio Solution File, Format Version 12.00
# Visual Studio Version 17
VisualStudioVersion = 17.5.2.0
MinimumVisualStudioVersion = 10.0.40219.1
Project("{FAE04EC0-301F-11D3-BF4B-00C04F79EFBC}") = "Util", "Util.csproj", "{F23A95DC-1F3E-3E85-B22E-144EEBEA8494}"
EndProject
Global
	GlobalSection(SolutionConfigurationPlatforms) = preSolution
		Debug|Any CPU = Debug|Any CPU
		Release|Any CPU = Release|Any CPU
	EndGlobalSection
	GlobalSection(ProjectConfigurationPlatforms) = postSolution
		{F23A95DC-1F3E-3E85-B22E-144EEBEA8494}.Debug|Any CPU.ActiveCfg = Debug|Any CPU
		{F23A95DC-1F3E-3E85-B22E-144EEBEA8494}.Debug|Any CPU.Build.0 = Debug|Any CPU
		{F23A95DC-1F3E-3E85-B22E-144EEBEA8494}.Release|Any CPU.ActiveCfg = Release|Any CPU
		{F23A95DC-1F3E-3E85-B22E-144EEBEA8494}.Release|Any CPU.Build.0 = Release|Any CPU
	EndGlobalSection
	GlobalSection(SolutionProperties) = preSolution
		HideSolutionNode = FALSE
	EndGlobalSection
	GlobalSection(ExtensibilityGlobals) = postSolution
		SolutionGuid = {59250EC6-D158-4877-B326-ABA1E38113F7}
	EndGlobalSection
EndGlobal
