Microsoft Visual Studio Solution File, Format Version 12.00
# Visual Studio Version 17
VisualStudioVersion = 17.5.2.0
MinimumVisualStudioVersion = 10.0.40219.1
Project("{FAE04EC0-301F-11D3-BF4B-00C04F79EFBC}") = "ADRDAsynch", "ADRDAsynch.csproj", "{8DD80567-1259-75D1-3E52-1D523D5486C3}"
EndProject
Global
	GlobalSection(SolutionConfigurationPlatforms) = preSolution
		Debug|Any CPU = Debug|Any CPU
		Release|Any CPU = Release|Any CPU
	EndGlobalSection
	GlobalSection(ProjectConfigurationPlatforms) = postSolution
		{8DD80567-1259-75D1-3E52-1D523D5486C3}.Debug|Any CPU.ActiveCfg = Debug|Any CPU
		{8DD80567-1259-75D1-3E52-1D523D5486C3}.Debug|Any CPU.Build.0 = Debug|Any CPU
		{8DD80567-1259-75D1-3E52-1D523D5486C3}.Release|Any CPU.ActiveCfg = Release|Any CPU
		{8DD80567-1259-75D1-3E52-1D523D5486C3}.Release|Any CPU.Build.0 = Release|Any CPU
	EndGlobalSection
	GlobalSection(SolutionProperties) = preSolution
		HideSolutionNode = FALSE
	EndGlobalSection
	GlobalSection(ExtensibilityGlobals) = postSolution
		SolutionGuid = {13485407-9904-4287-825C-7B1F723E7004}
	EndGlobalSection
EndGlobal
