Microsoft Visual Studio Solution File, Format Version 12.00
# Visual Studio Version 17
VisualStudioVersion = 17.5.2.0
MinimumVisualStudioVersion = 10.0.40219.1
Project("{FAE04EC0-301F-11D3-BF4B-00C04F79EFBC}") = "ADRDSynch", "ADRDSynch.csproj", "{F119525F-4BA0-C035-83DE-AA8D416A5497}"
EndProject
Global
	GlobalSection(SolutionConfigurationPlatforms) = preSolution
		Debug|Any CPU = Debug|Any CPU
		Release|Any CPU = Release|Any CPU
	EndGlobalSection
	GlobalSection(ProjectConfigurationPlatforms) = postSolution
		{F119525F-4BA0-C035-83DE-AA8D416A5497}.Debug|Any CPU.ActiveCfg = Debug|Any CPU
		{F119525F-4BA0-C035-83DE-AA8D416A5497}.Debug|Any CPU.Build.0 = Debug|Any CPU
		{F119525F-4BA0-C035-83DE-AA8D416A5497}.Release|Any CPU.ActiveCfg = Release|Any CPU
		{F119525F-4BA0-C035-83DE-AA8D416A5497}.Release|Any CPU.Build.0 = Release|Any CPU
	EndGlobalSection
	GlobalSection(SolutionProperties) = preSolution
		HideSolutionNode = FALSE
	EndGlobalSection
	GlobalSection(ExtensibilityGlobals) = postSolution
		SolutionGuid = {957B9A5C-3C15-4C08-ADD1-A855914ED4E2}
	EndGlobalSection
EndGlobal
